
Microsoft Visual Studio Solution File, Format Version 12.00
# Visual Studio Version 17
VisualStudioVersion = 17.11.35208.52
MinimumVisualStudioVersion = 10.0.40219.1
Project("{FAE04EC0-301F-11D3-BF4B-00C04F79EFBC}") = "Online_Pharmacy_BE", "Online_Pharmacy_BE.csproj", "{24778F00-AB93-41F1-B8EC-28E961F49ADE}"
EndProject
Global
	GlobalSection(SolutionConfigurationPlatforms) = preSolution
		Debug|Any CPU = Debug|Any CPU
		Release|Any CPU = Release|Any CPU
	EndGlobalSection
	GlobalSection(ProjectConfigurationPlatforms) = postSolution
		{24778F00-AB93-41F1-B8EC-28E961F49ADE}.Debug|Any CPU.ActiveCfg = Debug|Any CPU
		{24778F00-AB93-41F1-B8EC-28E961F49ADE}.Debug|Any CPU.Build.0 = Debug|Any CPU
		{24778F00-AB93-41F1-B8EC-28E961F49ADE}.Release|Any CPU.ActiveCfg = Release|Any CPU
		{24778F00-AB93-41F1-B8EC-28E961F49ADE}.Release|Any CPU.Build.0 = Release|Any CPU
	EndGlobalSection
	GlobalSection(SolutionProperties) = preSolution
		HideSolutionNode = FALSE
	EndGlobalSection
	GlobalSection(ExtensibilityGlobals) = postSolution
		SolutionGuid = {C074C064-9469-4D18-A1CD-06F1414B1B01}
	EndGlobalSection
EndGlobal
